
Microsoft Visual Studio Solution File, Format Version 12.00
# Visual Studio Express 2012 for Windows Desktop
Project("{FAE04EC0-301F-11D3-BF4B-00C04F79EFBC}") = "Maoli", "Maoli\Maoli.csproj", "{66620B5A-D754-44DD-9349-B44759D1C617}"
EndProject
Project("{2150E333-8FDC-42A3-9474-1A3956D46DE8}") = ".nuget", ".nuget", "{8587FE40-F977-48EC-B9AB-50FB74090A7D}"
	ProjectSection(SolutionItems) = preProject
		.nuget\NuGet.Config = .nuget\NuGet.Config
		.nuget\NuGet.exe = .nuget\NuGet.exe
		.nuget\NuGet.targets = .nuget\NuGet.targets
	EndProjectSection
EndProject
Project("{FAE04EC0-301F-11D3-BF4B-00C04F79EFBC}") = "Maoli.Tests", "Maoli.Tests\Maoli.Tests.csproj", "{6EBE6C42-4BF7-42E2-A09A-E6F44526379E}"
EndProject
Project("{2150E333-8FDC-42A3-9474-1A3956D46DE8}") = "Solution Items", "Solution Items", "{3558581C-D2FF-4934-80C4-0E0C95CB05FE}"
	ProjectSection(SolutionItems) = preProject
		MIT-LICENSE = MIT-LICENSE
		README.md = README.md
	EndProjectSection
EndProject
Global
	GlobalSection(SolutionConfigurationPlatforms) = preSolution
		Debug|Any CPU = Debug|Any CPU
		Release|Any CPU = Release|Any CPU
	EndGlobalSection
	GlobalSection(ProjectConfigurationPlatforms) = postSolution
		{66620B5A-D754-44DD-9349-B44759D1C617}.Debug|Any CPU.ActiveCfg = Debug|Any CPU
		{66620B5A-D754-44DD-9349-B44759D1C617}.Debug|Any CPU.Build.0 = Debug|Any CPU
		{66620B5A-D754-44DD-9349-B44759D1C617}.Release|Any CPU.ActiveCfg = Release|Any CPU
		{66620B5A-D754-44DD-9349-B44759D1C617}.Release|Any CPU.Build.0 = Release|Any CPU
		{6EBE6C42-4BF7-42E2-A09A-E6F44526379E}.Debug|Any CPU.ActiveCfg = Debug|Any CPU
		{6EBE6C42-4BF7-42E2-A09A-E6F44526379E}.Debug|Any CPU.Build.0 = Debug|Any CPU
		{6EBE6C42-4BF7-42E2-A09A-E6F44526379E}.Release|Any CPU.ActiveCfg = Release|Any CPU
		{6EBE6C42-4BF7-42E2-A09A-E6F44526379E}.Release|Any CPU.Build.0 = Release|Any CPU
	EndGlobalSection
	GlobalSection(SolutionProperties) = preSolution
		HideSolutionNode = FALSE
	EndGlobalSection
EndGlobal
